
Microsoft Visual Studio Solution File, Format Version 12.00
# Visual Studio Version 17
VisualStudioVersion = 17.1.32228.430
MinimumVisualStudioVersion = 10.0.40219.1
Project("{9A19103F-16F7-4668-BE54-9A1E7A4F7556}") = "PhoneBook_Domain", "PhoneBook_Api\PhoneBook_Domain.csproj", "{76C4D22F-DE1A-4203-BD50-04386517D574}"
EndProject
Project("{2150E333-8FDC-42A3-9474-1A3956D46DE8}") = "src", "src", "{ADBD1FF0-1E8D-4AAC-9908-2A3B78C872AC}"
EndProject
Project("{2150E333-8FDC-42A3-9474-1A3956D46DE8}") = "Application", "Application", "{8B6ECF33-308D-4312-870A-834FE5124289}"
EndProject
Project("{2150E333-8FDC-42A3-9474-1A3956D46DE8}") = "Infrastructure", "Infrastructure", "{E2A35598-8D9C-4567-9DDB-590730167554}"
EndProject
Project("{2150E333-8FDC-42A3-9474-1A3956D46DE8}") = "Presentation(API)", "Presentation(API)", "{567A683B-33A8-4894-8DFF-195B5C27665F}"
EndProject
Project("{9A19103F-16F7-4668-BE54-9A1E7A4F7556}") = "PhoneBook_Application", "PhoneBook_Application\PhoneBook_Application.csproj", "{238FF00A-197C-413E-96F3-69F401607E31}"
EndProject
Project("{2150E333-8FDC-42A3-9474-1A3956D46DE8}") = "Domain", "Domain", "{889B9768-A2FB-4AE7-8D8E-5050F23EFD0B}"
EndProject
Project("{9A19103F-16F7-4668-BE54-9A1E7A4F7556}") = "PhoneBook_Persistence", "PhoneBook.Persistence\PhoneBook_Persistence.csproj", "{459249E1-53C6-4632-89CB-97E28F2542B3}"
EndProject
Project("{9A19103F-16F7-4668-BE54-9A1E7A4F7556}") = "PhoneBook_PresentationApi", "PhoneBook_PresentationApi\PhoneBook_PresentationApi.csproj", "{11A9BD60-6EC7-4952-B669-C81EA982D799}"
EndProject
Project("{2150E333-8FDC-42A3-9474-1A3956D46DE8}") = "Core", "Core", "{50AB66A5-C001-4836-A1B7-5E82A1FDBF1B}"
EndProject
Project("{9A19103F-16F7-4668-BE54-9A1E7A4F7556}") = "PhoneBook_Core", "Registration_Core\PhoneBook_Core.csproj", "{3085A249-95FF-456E-9634-0939B053DEDE}"
EndProject
Global
	GlobalSection(SolutionConfigurationPlatforms) = preSolution
		Debug|Any CPU = Debug|Any CPU
		Release|Any CPU = Release|Any CPU
	EndGlobalSection
	GlobalSection(ProjectConfigurationPlatforms) = postSolution
		{76C4D22F-DE1A-4203-BD50-04386517D574}.Debug|Any CPU.ActiveCfg = Debug|Any CPU
		{76C4D22F-DE1A-4203-BD50-04386517D574}.Debug|Any CPU.Build.0 = Debug|Any CPU
		{76C4D22F-DE1A-4203-BD50-04386517D574}.Release|Any CPU.ActiveCfg = Release|Any CPU
		{76C4D22F-DE1A-4203-BD50-04386517D574}.Release|Any CPU.Build.0 = Release|Any CPU
		{238FF00A-197C-413E-96F3-69F401607E31}.Debug|Any CPU.ActiveCfg = Debug|Any CPU
		{238FF00A-197C-413E-96F3-69F401607E31}.Debug|Any CPU.Build.0 = Debug|Any CPU
		{238FF00A-197C-413E-96F3-69F401607E31}.Release|Any CPU.ActiveCfg = Release|Any CPU
		{238FF00A-197C-413E-96F3-69F401607E31}.Release|Any CPU.Build.0 = Release|Any CPU
		{459249E1-53C6-4632-89CB-97E28F2542B3}.Debug|Any CPU.ActiveCfg = Debug|Any CPU
		{459249E1-53C6-4632-89CB-97E28F2542B3}.Debug|Any CPU.Build.0 = Debug|Any CPU
		{459249E1-53C6-4632-89CB-97E28F2542B3}.Release|Any CPU.ActiveCfg = Release|Any CPU
		{459249E1-53C6-4632-89CB-97E28F2542B3}.Release|Any CPU.Build.0 = Release|Any CPU
		{11A9BD60-6EC7-4952-B669-C81EA982D799}.Debug|Any CPU.ActiveCfg = Debug|Any CPU
		{11A9BD60-6EC7-4952-B669-C81EA982D799}.Debug|Any CPU.Build.0 = Debug|Any CPU
		{11A9BD60-6EC7-4952-B669-C81EA982D799}.Release|Any CPU.ActiveCfg = Release|Any CPU
		{11A9BD60-6EC7-4952-B669-C81EA982D799}.Release|Any CPU.Build.0 = Release|Any CPU
		{3085A249-95FF-456E-9634-0939B053DEDE}.Debug|Any CPU.ActiveCfg = Debug|Any CPU
		{3085A249-95FF-456E-9634-0939B053DEDE}.Debug|Any CPU.Build.0 = Debug|Any CPU
		{3085A249-95FF-456E-9634-0939B053DEDE}.Release|Any CPU.ActiveCfg = Release|Any CPU
		{3085A249-95FF-456E-9634-0939B053DEDE}.Release|Any CPU.Build.0 = Release|Any CPU
	EndGlobalSection
	GlobalSection(SolutionProperties) = preSolution
		HideSolutionNode = FALSE
	EndGlobalSection
	GlobalSection(NestedProjects) = preSolution
		{76C4D22F-DE1A-4203-BD50-04386517D574} = {889B9768-A2FB-4AE7-8D8E-5050F23EFD0B}
		{8B6ECF33-308D-4312-870A-834FE5124289} = {ADBD1FF0-1E8D-4AAC-9908-2A3B78C872AC}
		{E2A35598-8D9C-4567-9DDB-590730167554} = {ADBD1FF0-1E8D-4AAC-9908-2A3B78C872AC}
		{567A683B-33A8-4894-8DFF-195B5C27665F} = {ADBD1FF0-1E8D-4AAC-9908-2A3B78C872AC}
		{238FF00A-197C-413E-96F3-69F401607E31} = {8B6ECF33-308D-4312-870A-834FE5124289}
		{889B9768-A2FB-4AE7-8D8E-5050F23EFD0B} = {ADBD1FF0-1E8D-4AAC-9908-2A3B78C872AC}
		{459249E1-53C6-4632-89CB-97E28F2542B3} = {E2A35598-8D9C-4567-9DDB-590730167554}
		{11A9BD60-6EC7-4952-B669-C81EA982D799} = {567A683B-33A8-4894-8DFF-195B5C27665F}
		{50AB66A5-C001-4836-A1B7-5E82A1FDBF1B} = {ADBD1FF0-1E8D-4AAC-9908-2A3B78C872AC}
		{3085A249-95FF-456E-9634-0939B053DEDE} = {50AB66A5-C001-4836-A1B7-5E82A1FDBF1B}
	EndGlobalSection
	GlobalSection(ExtensibilityGlobals) = postSolution
		SolutionGuid = {71B40FE2-0976-40F6-9C84-3705D9CAAEB3}
	EndGlobalSection
EndGlobal
